
Microsoft Visual Studio Solution File, Format Version 12.00
# Visual Studio Version 17
VisualStudioVersion = 17.2.32519.379
MinimumVisualStudioVersion = 10.0.40219.1
Project("{FAE04EC0-301F-11D3-BF4B-00C04F79EFBC}") = "NTest", "NTest\NTest.csproj", "{EC6927B7-803D-4C9C-BBD3-91081123BE93}"
EndProject
Global
	GlobalSection(SolutionConfigurationPlatforms) = preSolution
		Debug|Any CPU = Debug|Any CPU
		Release|Any CPU = Release|Any CPU
	EndGlobalSection
	GlobalSection(ProjectConfigurationPlatforms) = postSolution
		{EC6927B7-803D-4C9C-BBD3-91081123BE93}.Debug|Any CPU.ActiveCfg = Debug|Any CPU
		{EC6927B7-803D-4C9C-BBD3-91081123BE93}.Debug|Any CPU.Build.0 = Debug|Any CPU
		{EC6927B7-803D-4C9C-BBD3-91081123BE93}.Release|Any CPU.ActiveCfg = Release|Any CPU
		{EC6927B7-803D-4C9C-BBD3-91081123BE93}.Release|Any CPU.Build.0 = Release|Any CPU
	EndGlobalSection
	GlobalSection(SolutionProperties) = preSolution
		HideSolutionNode = FALSE
	EndGlobalSection
	GlobalSection(ExtensibilityGlobals) = postSolution
		SolutionGuid = {315D4FC4-BAFA-4F8C-8822-9C859BC2E329}
	EndGlobalSection
EndGlobal
